
Microsoft Visual Studio Solution File, Format Version 12.00
# Visual Studio 15
VisualStudioVersion = 15.0.27130.2036
MinimumVisualStudioVersion = 10.0.40219.1
Project("{FAE04EC0-301F-11D3-BF4B-00C04F79EFBC}") = "MyLink", "MyLink\MyLink.csproj", "{318CAB7B-425C-4AF2-A2F1-25F471E9D0E1}"
EndProject
Global
	GlobalSection(SolutionConfigurationPlatforms) = preSolution
		Debug|Any CPU = Debug|Any CPU
		Release|Any CPU = Release|Any CPU
	EndGlobalSection
	GlobalSection(ProjectConfigurationPlatforms) = postSolution
		{318CAB7B-425C-4AF2-A2F1-25F471E9D0E1}.Debug|Any CPU.ActiveCfg = Debug|Any CPU
		{318CAB7B-425C-4AF2-A2F1-25F471E9D0E1}.Debug|Any CPU.Build.0 = Debug|Any CPU
		{318CAB7B-425C-4AF2-A2F1-25F471E9D0E1}.Release|Any CPU.ActiveCfg = Release|Any CPU
		{318CAB7B-425C-4AF2-A2F1-25F471E9D0E1}.Release|Any CPU.Build.0 = Release|Any CPU
	EndGlobalSection
	GlobalSection(SolutionProperties) = preSolution
		HideSolutionNode = FALSE
	EndGlobalSection
	GlobalSection(ExtensibilityGlobals) = postSolution
		SolutionGuid = {E82C1FBD-ADDD-4AC6-8FAD-8E4EB662B7C6}
	EndGlobalSection
EndGlobal
